{
  "name": "badminton",
  "version": "1.0.0",
  "lockfileVersion": 1,
  "requires": true,
  "dependencies": {
    "tdesign-miniprogram": {
      "version": "1.9.3",
      "resolved": "http://r.npm.sankuai.com/tdesign-miniprogram/download/tdesign-miniprogram-1.9.3.tgz",
      "integrity": "sha1-SmUnLH8UpATVukq95e/FGIJToQ0="
    }
  }
}
